
Microsoft Visual Studio Solution File, Format Version 12.00
# Visual Studio Version 17
VisualStudioVersion = 17.7.34003.232
MinimumVisualStudioVersion = 10.0.40219.1
Project("{FAE04EC0-301F-11D3-BF4B-00C04F79EFBC}") = "School_Managenment_System", "school_managenment_system\School_Managenment_System.csproj", "{F040459E-AE8D-42BD-92A8-7C14EC9CCCDF}"
EndProject
Global
	GlobalSection(SolutionConfigurationPlatforms) = preSolution
		Debug|Any CPU = Debug|Any CPU
		Release|Any CPU = Release|Any CPU
	EndGlobalSection
	GlobalSection(ProjectConfigurationPlatforms) = postSolution
		{F040459E-AE8D-42BD-92A8-7C14EC9CCCDF}.Debug|Any CPU.ActiveCfg = Debug|Any CPU
		{F040459E-AE8D-42BD-92A8-7C14EC9CCCDF}.Debug|Any CPU.Build.0 = Debug|Any CPU
		{F040459E-AE8D-42BD-92A8-7C14EC9CCCDF}.Release|Any CPU.ActiveCfg = Release|Any CPU
		{F040459E-AE8D-42BD-92A8-7C14EC9CCCDF}.Release|Any CPU.Build.0 = Release|Any CPU
	EndGlobalSection
	GlobalSection(SolutionProperties) = preSolution
		HideSolutionNode = FALSE
	EndGlobalSection
	GlobalSection(ExtensibilityGlobals) = postSolution
		SolutionGuid = {2BA21C58-483A-42D3-9F89-894DC12B982C}
	EndGlobalSection
EndGlobal
